<Solution>
  <Configurations>
    <Platform Name="x86" />
    <Platform Name="x64" />
    <Platform Name="ARM64" />
  </Configurations>
  <Folder Name="/src/">
    <Project Path="src/SkimDownForWindows.Tests/SkimDownForWindows.Tests.csproj">
      <Platform Solution="*|x86" Project="AnyCPU" />
      <Platform Solution="*|x64" Project="AnyCPU" />
      <Platform Solution="*|ARM64" Project="AnyCPU" />
    </Project>
    <Project Path="src/SkimDownForWindows/SkimDownForWindows.csproj">
      <Platform Solution="*|x86" Project="x86" />
      <Platform Solution="*|x64" Project="x64" />
      <Platform Solution="*|ARM64" Project="ARM64" />
      <Deploy />
    </Project>
  </Folder>
</Solution>
